// !$*UTF8*$!
{
	archiveVersion = 1;
	classes = {
	};
	objectVersion = 50;
	objects = {

/* Begin PBXBuildFile section */
		3058C9962433A85000D34A28 /* AppDelegate.swift in Sources */ = {isa = PBXBuildFile; fileRef = 3058C9952433A85000D34A28 /* AppDelegate.swift */; };
		3058C9982433A85000D34A28 /* SceneDelegate.swift in Sources */ = {isa = PBXBuildFile; fileRef = 3058C9972433A85000D34A28 /* SceneDelegate.swift */; };
		3058C99A2433A85000D34A28 /* ViewController.swift in Sources */ = {isa = PBXBuildFile; fileRef = 3058C9992433A85000D34A28 /* ViewController.swift */; };
		3058C9A02433A85000D34A28 /* TripManager.xcdatamodeld in Sources */ = {isa = PBXBuildFile; fileRef = 3058C99E2433A85000D34A28 /* TripManager.xcdatamodeld */; };
		3058C9A22433A85200D34A28 /* Assets.xcassets in Resources */ = {isa = PBXBuildFile; fileRef = 3058C9A12433A85200D34A28 /* Assets.xcassets */; };
		3058C9A52433A85200D34A28 /* LaunchScreen.storyboard in Resources */ = {isa = PBXBuildFile; fileRef = 3058C9A32433A85200D34A28 /* LaunchScreen.storyboard */; };
		308A6FCC243892EB000C0A55 /* TripsTableViewCell.swift in Sources */ = {isa = PBXBuildFile; fileRef = 308A6FCB243892EB000C0A55 /* TripsTableViewCell.swift */; };
		308A6FCF24389B3A000C0A55 /* UIViewExtensions.swift in Sources */ = {isa = PBXBuildFile; fileRef = 308A6FCE24389B3A000C0A55 /* UIViewExtensions.swift */; };
		308A6FD224389F0D000C0A55 /* Theme.swift in Sources */ = {isa = PBXBuildFile; fileRef = 308A6FD124389F0D000C0A55 /* Theme.swift */; };
		308A6FD424389F40000C0A55 /* FugazOne-Regular.ttf in Resources */ = {isa = PBXBuildFile; fileRef = 308A6FD324389F40000C0A55 /* FugazOne-Regular.ttf */; };
		308A6FD62438A4C3000C0A55 /* Colors.xcassets in Resources */ = {isa = PBXBuildFile; fileRef = 308A6FD52438A4C3000C0A55 /* Colors.xcassets */; };
		308A6FD82438BCF7000C0A55 /* UIButtonExtension.swift in Sources */ = {isa = PBXBuildFile; fileRef = 308A6FD72438BCF7000C0A55 /* UIButtonExtension.swift */; };
		308A6FDC2438C84A000C0A55 /* AddTripViewController.storyboard in Resources */ = {isa = PBXBuildFile; fileRef = 308A6FDB2438C84A000C0A55 /* AddTripViewController.storyboard */; };
		308A6FDF2438C88A000C0A55 /* AddTripViewController.swift in Sources */ = {isa = PBXBuildFile; fileRef = 308A6FDE2438C88A000C0A55 /* AddTripViewController.swift */; };
		3092663C243A007F00EF5FC8 /* PopupUIView.swift in Sources */ = {isa = PBXBuildFile; fileRef = 3092663B243A007F00EF5FC8 /* PopupUIView.swift */; };
		3092663E243A01C000EF5FC8 /* AppUIButton.swift in Sources */ = {isa = PBXBuildFile; fileRef = 3092663D243A01C000EF5FC8 /* AppUIButton.swift */; };
		30B7EDE724424B5900EDA603 /* DayModel.swift in Sources */ = {isa = PBXBuildFile; fileRef = 30B7EDE624424B5900EDA603 /* DayModel.swift */; };
		30B7EDE924424C4B00EDA603 /* ActivityModels.swift in Sources */ = {isa = PBXBuildFile; fileRef = 30B7EDE824424C4B00EDA603 /* ActivityModels.swift */; };
		30B7EDEB24424DAC00EDA603 /* ActivityTypeEnum.swift in Sources */ = {isa = PBXBuildFile; fileRef = 30B7EDEA24424DAC00EDA603 /* ActivityTypeEnum.swift */; };
		30B7EDED2442502500EDA603 /* MockData.swift in Sources */ = {isa = PBXBuildFile; fileRef = 30B7EDEC2442502500EDA603 /* MockData.swift */; };
		30B7EDF02442522900EDA603 /* ActivitiesViewController.storyboard in Resources */ = {isa = PBXBuildFile; fileRef = 30B7EDEF2442522900EDA603 /* ActivitiesViewController.storyboard */; };
		30B7EDF22442527700EDA603 /* ActivitiesViewController.swift in Sources */ = {isa = PBXBuildFile; fileRef = 30B7EDF12442527700EDA603 /* ActivitiesViewController.swift */; };
		30CBE0CA24365381008181EF /* TripModel.swift in Sources */ = {isa = PBXBuildFile; fileRef = 30CBE0C924365381008181EF /* TripModel.swift */; };
		30CBE0CC2436538A008181EF /* TripFunctions.swift in Sources */ = {isa = PBXBuildFile; fileRef = 30CBE0CB2436538A008181EF /* TripFunctions.swift */; };
		30CBE0CE2436577B008181EF /* Data.swift in Sources */ = {isa = PBXBuildFile; fileRef = 30CBE0CD2436577B008181EF /* Data.swift */; };
		30CBE0D224365F54008181EF /* TripsViewController.storyboard in Resources */ = {isa = PBXBuildFile; fileRef = 30CBE0D124365F54008181EF /* TripsViewController.storyboard */; };
		30CBE0D424365F73008181EF /* TripsViewController.swift in Sources */ = {isa = PBXBuildFile; fileRef = 30CBE0D324365F73008181EF /* TripsViewController.swift */; };
		30E0C64A2442F6EE00FEA734 /* ganesh.jpg in Resources */ = {isa = PBXBuildFile; fileRef = 30E0C6492442F6EE00FEA734 /* ganesh.jpg */; };
/* End PBXBuildFile section */

/* Begin PBXFileReference section */
		3058C9922433A85000D34A28 /* TripManager.app */ = {isa = PBXFileReference; explicitFileType = wrapper.application; includeInIndex = 0; path = TripManager.app; sourceTree = BUILT_PRODUCTS_DIR; };
		3058C9952433A85000D34A28 /* AppDelegate.swift */ = {isa = PBXFileReference; lastKnownFileType = sourcecode.swift; path = AppDelegate.swift; sourceTree = "<group>"; };
		3058C9972433A85000D34A28 /* SceneDelegate.swift */ = {isa = PBXFileReference; lastKnownFileType = sourcecode.swift; path = SceneDelegate.swift; sourceTree = "<group>"; };
		3058C9992433A85000D34A28 /* ViewController.swift */ = {isa = PBXFileReference; lastKnownFileType = sourcecode.swift; path = ViewController.swift; sourceTree = "<group>"; };
		3058C99F2433A85000D34A28 /* TripManager.xcdatamodel */ = {isa = PBXFileReference; lastKnownFileType = wrapper.xcdatamodel; path = TripManager.xcdatamodel; sourceTree = "<group>"; };
		3058C9A12433A85200D34A28 /* Assets.xcassets */ = {isa = PBXFileReference; lastKnownFileType = folder.assetcatalog; path = Assets.xcassets; sourceTree = "<group>"; };
		3058C9A42433A85200D34A28 /* Base */ = {isa = PBXFileReference; lastKnownFileType = file.storyboard; name = Base; path = Base.lproj/LaunchScreen.storyboard; sourceTree = "<group>"; };
		3058C9A62433A85200D34A28 /* Info.plist */ = {isa = PBXFileReference; lastKnownFileType = text.plist.xml; path = Info.plist; sourceTree = "<group>"; };
		308A6FCB243892EB000C0A55 /* TripsTableViewCell.swift */ = {isa = PBXFileReference; lastKnownFileType = sourcecode.swift; path = TripsTableViewCell.swift; sourceTree = "<group>"; };
		308A6FCE24389B3A000C0A55 /* UIViewExtensions.swift */ = {isa = PBXFileReference; lastKnownFileType = sourcecode.swift; path = UIViewExtensions.swift; sourceTree = "<group>"; };
		308A6FD124389F0D000C0A55 /* Theme.swift */ = {isa = PBXFileReference; lastKnownFileType = sourcecode.swift; path = Theme.swift; sourceTree = "<group>"; };
		308A6FD324389F40000C0A55 /* FugazOne-Regular.ttf */ = {isa = PBXFileReference; lastKnownFileType = file; path = "FugazOne-Regular.ttf"; sourceTree = "<group>"; };
		308A6FD52438A4C3000C0A55 /* Colors.xcassets */ = {isa = PBXFileReference; lastKnownFileType = folder.assetcatalog; path = Colors.xcassets; sourceTree = "<group>"; };
		308A6FD72438BCF7000C0A55 /* UIButtonExtension.swift */ = {isa = PBXFileReference; lastKnownFileType = sourcecode.swift; path = UIButtonExtension.swift; sourceTree = "<group>"; };
		308A6FDB2438C84A000C0A55 /* AddTripViewController.storyboard */ = {isa = PBXFileReference; fileEncoding = 4; lastKnownFileType = file.storyboard; path = AddTripViewController.storyboard; sourceTree = "<group>"; };
		308A6FDE2438C88A000C0A55 /* AddTripViewController.swift */ = {isa = PBXFileReference; lastKnownFileType = sourcecode.swift; path = AddTripViewController.swift; sourceTree = "<group>"; };
		3092663B243A007F00EF5FC8 /* PopupUIView.swift */ = {isa = PBXFileReference; lastKnownFileType = sourcecode.swift; path = PopupUIView.swift; sourceTree = "<group>"; };
		3092663D243A01C000EF5FC8 /* AppUIButton.swift */ = {isa = PBXFileReference; lastKnownFileType = sourcecode.swift; path = AppUIButton.swift; sourceTree = "<group>"; };
		30B7EDE624424B5900EDA603 /* DayModel.swift */ = {isa = PBXFileReference; lastKnownFileType = sourcecode.swift; path = DayModel.swift; sourceTree = "<group>"; };
		30B7EDE824424C4B00EDA603 /* ActivityModels.swift */ = {isa = PBXFileReference; lastKnownFileType = sourcecode.swift; path = ActivityModels.swift; sourceTree = "<group>"; };
		30B7EDEA24424DAC00EDA603 /* ActivityTypeEnum.swift */ = {isa = PBXFileReference; lastKnownFileType = sourcecode.swift; path = ActivityTypeEnum.swift; sourceTree = "<group>"; };
		30B7EDEC2442502500EDA603 /* MockData.swift */ = {isa = PBXFileReference; lastKnownFileType = sourcecode.swift; path = MockData.swift; sourceTree = "<group>"; };
		30B7EDEF2442522900EDA603 /* ActivitiesViewController.storyboard */ = {isa = PBXFileReference; lastKnownFileType = file.storyboard; path = ActivitiesViewController.storyboard; sourceTree = "<group>"; };
		30B7EDF12442527700EDA603 /* ActivitiesViewController.swift */ = {isa = PBXFileReference; lastKnownFileType = sourcecode.swift; path = ActivitiesViewController.swift; sourceTree = "<group>"; };
		30CBE0C924365381008181EF /* TripModel.swift */ = {isa = PBXFileReference; lastKnownFileType = sourcecode.swift; path = TripModel.swift; sourceTree = "<group>"; };
		30CBE0CB2436538A008181EF /* TripFunctions.swift */ = {isa = PBXFileReference; lastKnownFileType = sourcecode.swift; path = TripFunctions.swift; sourceTree = "<group>"; };
		30CBE0CD2436577B008181EF /* Data.swift */ = {isa = PBXFileReference; lastKnownFileType = sourcecode.swift; path = Data.swift; sourceTree = "<group>"; };
		30CBE0D124365F54008181EF /* TripsViewController.storyboard */ = {isa = PBXFileReference; lastKnownFileType = file.storyboard; path = TripsViewController.storyboard; sourceTree = "<group>"; };
		30CBE0D324365F73008181EF /* TripsViewController.swift */ = {isa = PBXFileReference; lastKnownFileType = sourcecode.swift; path = TripsViewController.swift; sourceTree = "<group>"; };
		30E0C6492442F6EE00FEA734 /* ganesh.jpg */ = {isa = PBXFileReference; lastKnownFileType = image.jpeg; path = ganesh.jpg; sourceTree = "<group>"; };
/* End PBXFileReference section */

/* Begin PBXFrameworksBuildPhase section */
		3058C98F2433A85000D34A28 /* Frameworks */ = {
			isa = PBXFrameworksBuildPhase;
			buildActionMask = 2147483647;
			files = (
			);
			runOnlyForDeploymentPostprocessing = 0;
		};
/* End PBXFrameworksBuildPhase section */

/* Begin PBXGroup section */
		3058C9892433A85000D34A28 = {
			isa = PBXGroup;
			children = (
				3058C9942433A85000D34A28 /* TripManager */,
				3058C9932433A85000D34A28 /* Products */,
			);
			sourceTree = "<group>";
		};
		3058C9932433A85000D34A28 /* Products */ = {
			isa = PBXGroup;
			children = (
				3058C9922433A85000D34A28 /* TripManager.app */,
			);
			name = Products;
			sourceTree = "<group>";
		};
		3058C9942433A85000D34A28 /* TripManager */ = {
			isa = PBXGroup;
			children = (
				308A6FD024389EFE000C0A55 /* Resources */,
				30CBE0CF24365F10008181EF /* Views */,
				30CBE0C72436536A008181EF /* Model */,
				3058C9952433A85000D34A28 /* AppDelegate.swift */,
				3058C9972433A85000D34A28 /* SceneDelegate.swift */,
				3058C9992433A85000D34A28 /* ViewController.swift */,
				3058C9A12433A85200D34A28 /* Assets.xcassets */,
				3058C9A32433A85200D34A28 /* LaunchScreen.storyboard */,
				3058C9A62433A85200D34A28 /* Info.plist */,
				3058C99E2433A85000D34A28 /* TripManager.xcdatamodeld */,
			);
			path = TripManager;
			sourceTree = "<group>";
		};
		308A6FCD24389B0C000C0A55 /* Extensions */ = {
			isa = PBXGroup;
			children = (
				308A6FCE24389B3A000C0A55 /* UIViewExtensions.swift */,
				308A6FD72438BCF7000C0A55 /* UIButtonExtension.swift */,
			);
			path = Extensions;
			sourceTree = "<group>";
		};
		308A6FD024389EFE000C0A55 /* Resources */ = {
			isa = PBXGroup;
			children = (
				30E0C6492442F6EE00FEA734 /* ganesh.jpg */,
				3092663A243A003F00EF5FC8 /* CustomControls */,
				308A6FCD24389B0C000C0A55 /* Extensions */,
				308A6FD124389F0D000C0A55 /* Theme.swift */,
				308A6FD324389F40000C0A55 /* FugazOne-Regular.ttf */,
				308A6FD52438A4C3000C0A55 /* Colors.xcassets */,
			);
			path = Resources;
			sourceTree = "<group>";
		};
		308A6FDD2438C859000C0A55 /* AddTripViewController */ = {
			isa = PBXGroup;
			children = (
				308A6FDB2438C84A000C0A55 /* AddTripViewController.storyboard */,
				308A6FDE2438C88A000C0A55 /* AddTripViewController.swift */,
			);
			path = AddTripViewController;
			sourceTree = "<group>";
		};
		3092663A243A003F00EF5FC8 /* CustomControls */ = {
			isa = PBXGroup;
			children = (
				3092663B243A007F00EF5FC8 /* PopupUIView.swift */,
				3092663D243A01C000EF5FC8 /* AppUIButton.swift */,
			);
			path = CustomControls;
			sourceTree = "<group>";
		};
		30B7EDE424424AE700EDA603 /* Day */ = {
			isa = PBXGroup;
			children = (
				30B7EDE624424B5900EDA603 /* DayModel.swift */,
			);
			path = Day;
			sourceTree = "<group>";
		};
		30B7EDE524424AF800EDA603 /* Activities */ = {
			isa = PBXGroup;
			children = (
				30B7EDE824424C4B00EDA603 /* ActivityModels.swift */,
				30B7EDEA24424DAC00EDA603 /* ActivityTypeEnum.swift */,
			);
			path = Activities;
			sourceTree = "<group>";
		};
		30B7EDEE244251F500EDA603 /* ActivitiesViewController */ = {
			isa = PBXGroup;
			children = (
				30B7EDEF2442522900EDA603 /* ActivitiesViewController.storyboard */,
				30B7EDF12442527700EDA603 /* ActivitiesViewController.swift */,
			);
			path = ActivitiesViewController;
			sourceTree = "<group>";
		};
		30CBE0C72436536A008181EF /* Model */ = {
			isa = PBXGroup;
			children = (
				30CBE0CD2436577B008181EF /* Data.swift */,
				30B7EDEC2442502500EDA603 /* MockData.swift */,
				30CBE0C824365374008181EF /* Trip */,
				30B7EDE424424AE700EDA603 /* Day */,
				30B7EDE524424AF800EDA603 /* Activities */,
			);
			path = Model;
			sourceTree = "<group>";
		};
		30CBE0C824365374008181EF /* Trip */ = {
			isa = PBXGroup;
			children = (
				30CBE0C924365381008181EF /* TripModel.swift */,
				30CBE0CB2436538A008181EF /* TripFunctions.swift */,
			);
			path = Trip;
			sourceTree = "<group>";
		};
		30CBE0CF24365F10008181EF /* Views */ = {
			isa = PBXGroup;
			children = (
				30B7EDEE244251F500EDA603 /* ActivitiesViewController */,
				308A6FDD2438C859000C0A55 /* AddTripViewController */,
				30CBE0D024365F1B008181EF /* TripsViewController */,
			);
			path = Views;
			sourceTree = "<group>";
		};
		30CBE0D024365F1B008181EF /* TripsViewController */ = {
			isa = PBXGroup;
			children = (
				30CBE0D124365F54008181EF /* TripsViewController.storyboard */,
				30CBE0D324365F73008181EF /* TripsViewController.swift */,
				308A6FCB243892EB000C0A55 /* TripsTableViewCell.swift */,
			);
			path = TripsViewController;
			sourceTree = "<group>";
		};
/* End PBXGroup section */

/* Begin PBXNativeTarget section */
		3058C9912433A85000D34A28 /* TripManager */ = {
			isa = PBXNativeTarget;
			buildConfigurationList = 3058C9A92433A85200D34A28 /* Build configuration list for PBXNativeTarget "TripManager" */;
			buildPhases = (
				3058C98E2433A85000D34A28 /* Sources */,
				3058C98F2433A85000D34A28 /* Frameworks */,
				3058C9902433A85000D34A28 /* Resources */,
			);
			buildRules = (
			);
			dependencies = (
			);
			name = TripManager;
			productName = TripManager;
			productReference = 3058C9922433A85000D34A28 /* TripManager.app */;
			productType = "com.apple.product-type.application";
		};
/* End PBXNativeTarget section */

/* Begin PBXProject section */
		3058C98A2433A85000D34A28 /* Project object */ = {
			isa = PBXProject;
			attributes = {
				LastSwiftUpdateCheck = 1130;
				LastUpgradeCheck = 1130;
				ORGANIZATIONNAME = "ganesh padole";
				TargetAttributes = {
					3058C9912433A85000D34A28 = {
						CreatedOnToolsVersion = 11.3.1;
					};
				};
			};
			buildConfigurationList = 3058C98D2433A85000D34A28 /* Build configuration list for PBXProject "TripManager" */;
			compatibilityVersion = "Xcode 9.3";
			developmentRegion = en;
			hasScannedForEncodings = 0;
			knownRegions = (
				en,
				Base,
			);
			mainGroup = 3058C9892433A85000D34A28;
			productRefGroup = 3058C9932433A85000D34A28 /* Products */;
			projectDirPath = "";
			projectRoot = "";
			targets = (
				3058C9912433A85000D34A28 /* TripManager */,
			);
		};
/* End PBXProject section */

/* Begin PBXResourcesBuildPhase section */
		3058C9902433A85000D34A28 /* Resources */ = {
			isa = PBXResourcesBuildPhase;
			buildActionMask = 2147483647;
			files = (
				308A6FDC2438C84A000C0A55 /* AddTripViewController.storyboard in Resources */,
				308A6FD62438A4C3000C0A55 /* Colors.xcassets in Resources */,
				3058C9A52433A85200D34A28 /* LaunchScreen.storyboard in Resources */,
				30B7EDF02442522900EDA603 /* ActivitiesViewController.storyboard in Resources */,
				3058C9A22433A85200D34A28 /* Assets.xcassets in Resources */,
				308A6FD424389F40000C0A55 /* FugazOne-Regular.ttf in Resources */,
				30CBE0D224365F54008181EF /* TripsViewController.storyboard in Resources */,
				30E0C64A2442F6EE00FEA734 /* ganesh.jpg in Resources */,
			);
			runOnlyForDeploymentPostprocessing = 0;
		};
/* End PBXResourcesBuildPhase section */

/* Begin PBXSourcesBuildPhase section */
		3058C98E2433A85000D34A28 /* Sources */ = {
			isa = PBXSourcesBuildPhase;
			buildActionMask = 2147483647;
			files = (
				308A6FDF2438C88A000C0A55 /* AddTripViewController.swift in Sources */,
				3092663E243A01C000EF5FC8 /* AppUIButton.swift in Sources */,
				3092663C243A007F00EF5FC8 /* PopupUIView.swift in Sources */,
				308A6FCC243892EB000C0A55 /* TripsTableViewCell.swift in Sources */,
				30CBE0CE2436577B008181EF /* Data.swift in Sources */,
				3058C99A2433A85000D34A28 /* ViewController.swift in Sources */,
				3058C9962433A85000D34A28 /* AppDelegate.swift in Sources */,
				30B7EDEB24424DAC00EDA603 /* ActivityTypeEnum.swift in Sources */,
				30B7EDED2442502500EDA603 /* MockData.swift in Sources */,
				308A6FD224389F0D000C0A55 /* Theme.swift in Sources */,
				30B7EDE724424B5900EDA603 /* DayModel.swift in Sources */,
				308A6FD82438BCF7000C0A55 /* UIButtonExtension.swift in Sources */,
				30CBE0CC2436538A008181EF /* TripFunctions.swift in Sources */,
				3058C9A02433A85000D34A28 /* TripManager.xcdatamodeld in Sources */,
				308A6FCF24389B3A000C0A55 /* UIViewExtensions.swift in Sources */,
				30CBE0D424365F73008181EF /* TripsViewController.swift in Sources */,
				30CBE0CA24365381008181EF /* TripModel.swift in Sources */,
				30B7EDF22442527700EDA603 /* ActivitiesViewController.swift in Sources */,
				30B7EDE924424C4B00EDA603 /* ActivityModels.swift in Sources */,
				3058C9982433A85000D34A28 /* SceneDelegate.swift in Sources */,
			);
			runOnlyForDeploymentPostprocessing = 0;
		};
/* End PBXSourcesBuildPhase section */

/* Begin PBXVariantGroup section */
		3058C9A32433A85200D34A28 /* LaunchScreen.storyboard */ = {
			isa = PBXVariantGroup;
			children = (
				3058C9A42433A85200D34A28 /* Base */,
			);
			name = LaunchScreen.storyboard;
			sourceTree = "<group>";
		};
/* End PBXVariantGroup section */

/* Begin XCBuildConfiguration section */
		3058C9A72433A85200D34A28 /* Debug */ = {
			isa = XCBuildConfiguration;
			buildSettings = {
				ALWAYS_SEARCH_USER_PATHS = NO;
				CLANG_ANALYZER_NONNULL = YES;
				CLANG_ANALYZER_NUMBER_OBJECT_CONVERSION = YES_AGGRESSIVE;
				CLANG_CXX_LANGUAGE_STANDARD = "gnu++14";
				CLANG_CXX_LIBRARY = "libc++";
				CLANG_ENABLE_MODULES = YES;
				CLANG_ENABLE_OBJC_ARC = YES;
				CLANG_ENABLE_OBJC_WEAK = YES;
				CLANG_WARN_BLOCK_CAPTURE_AUTORELEASING = YES;
				CLANG_WARN_BOOL_CONVERSION = YES;
				CLANG_WARN_COMMA = YES;
				CLANG_WARN_CONSTANT_CONVERSION = YES;
				CLANG_WARN_DEPRECATED_OBJC_IMPLEMENTATIONS = YES;
				CLANG_WARN_DIRECT_OBJC_ISA_USAGE = YES_ERROR;
				CLANG_WARN_DOCUMENTATION_COMMENTS = YES;
				CLANG_WARN_EMPTY_BODY = YES;
				CLANG_WARN_ENUM_CONVERSION = YES;
				CLANG_WARN_INFINITE_RECURSION = YES;
				CLANG_WARN_INT_CONVERSION = YES;
				CLANG_WARN_NON_LITERAL_NULL_CONVERSION = YES;
				CLANG_WARN_OBJC_IMPLICIT_RETAIN_SELF = YES;
				CLANG_WARN_OBJC_LITERAL_CONVERSION = YES;
				CLANG_WARN_OBJC_ROOT_CLASS = YES_ERROR;
				CLANG_WARN_RANGE_LOOP_ANALYSIS = YES;
				CLANG_WARN_STRICT_PROTOTYPES = YES;
				CLANG_WARN_SUSPICIOUS_MOVE = YES;
				CLANG_WARN_UNGUARDED_AVAILABILITY = YES_AGGRESSIVE;
				CLANG_WARN_UNREACHABLE_CODE = YES;
				CLANG_WARN__DUPLICATE_METHOD_MATCH = YES;
				COPY_PHASE_STRIP = NO;
				DEBUG_INFORMATION_FORMAT = dwarf;
				ENABLE_STRICT_OBJC_MSGSEND = YES;
				ENABLE_TESTABILITY = YES;
				GCC_C_LANGUAGE_STANDARD = gnu11;
				GCC_DYNAMIC_NO_PIC = NO;
				GCC_NO_COMMON_BLOCKS = YES;
				GCC_OPTIMIZATION_LEVEL = 0;
				GCC_PREPROCESSOR_DEFINITIONS = (
					"DEBUG=1",
					"$(inherited)",
				);
				GCC_WARN_64_TO_32_BIT_CONVERSION = YES;
				GCC_WARN_ABOUT_RETURN_TYPE = YES_ERROR;
				GCC_WARN_UNDECLARED_SELECTOR = YES;
				GCC_WARN_UNINITIALIZED_AUTOS = YES_AGGRESSIVE;
				GCC_WARN_UNUSED_FUNCTION = YES;
				GCC_WARN_UNUSED_VARIABLE = YES;
				IPHONEOS_DEPLOYMENT_TARGET = 13.2;
				MTL_ENABLE_DEBUG_INFO = INCLUDE_SOURCE;
				MTL_FAST_MATH = YES;
				ONLY_ACTIVE_ARCH = YES;
				SDKROOT = iphoneos;
				SWIFT_ACTIVE_COMPILATION_CONDITIONS = DEBUG;
				SWIFT_OPTIMIZATION_LEVEL = "-Onone";
			};
			name = Debug;
		};
		3058C9A82433A85200D34A28 /* Release */ = {
			isa = XCBuildConfiguration;
			buildSettings = {
				ALWAYS_SEARCH_USER_PATHS = NO;
				CLANG_ANALYZER_NONNULL = YES;
				CLANG_ANALYZER_NUMBER_OBJECT_CONVERSION = YES_AGGRESSIVE;
				CLANG_CXX_LANGUAGE_STANDARD = "gnu++14";
				CLANG_CXX_LIBRARY = "libc++";
				CLANG_ENABLE_MODULES = YES;
				CLANG_ENABLE_OBJC_ARC = YES;
				CLANG_ENABLE_OBJC_WEAK = YES;
				CLANG_WARN_BLOCK_CAPTURE_AUTORELEASING = YES;
				CLANG_WARN_BOOL_CONVERSION = YES;
				CLANG_WARN_COMMA = YES;
				CLANG_WARN_CONSTANT_CONVERSION = YES;
				CLANG_WARN_DEPRECATED_OBJC_IMPLEMENTATIONS = YES;
				CLANG_WARN_DIRECT_OBJC_ISA_USAGE = YES_ERROR;
				CLANG_WARN_DOCUMENTATION_COMMENTS = YES;
				CLANG_WARN_EMPTY_BODY = YES;
				CLANG_WARN_ENUM_CONVERSION = YES;
				CLANG_WARN_INFINITE_RECURSION = YES;
				CLANG_WARN_INT_CONVERSION = YES;
				CLANG_WARN_NON_LITERAL_NULL_CONVERSION = YES;
				CLANG_WARN_OBJC_IMPLICIT_RETAIN_SELF = YES;
				CLANG_WARN_OBJC_LITERAL_CONVERSION = YES;
				CLANG_WARN_OBJC_ROOT_CLASS = YES_ERROR;
				CLANG_WARN_RANGE_LOOP_ANALYSIS = YES;
				CLANG_WARN_STRICT_PROTOTYPES = YES;
				CLANG_WARN_SUSPICIOUS_MOVE = YES;
				CLANG_WARN_UNGUARDED_AVAILABILITY = YES_AGGRESSIVE;
				CLANG_WARN_UNREACHABLE_CODE = YES;
				CLANG_WARN__DUPLICATE_METHOD_MATCH = YES;
				COPY_PHASE_STRIP = NO;
				DEBUG_INFORMATION_FORMAT = "dwarf-with-dsym";
				ENABLE_NS_ASSERTIONS = NO;
				ENABLE_STRICT_OBJC_MSGSEND = YES;
				GCC_C_LANGUAGE_STANDARD = gnu11;
				GCC_NO_COMMON_BLOCKS = YES;
				GCC_WARN_64_TO_32_BIT_CONVERSION = YES;
				GCC_WARN_ABOUT_RETURN_TYPE = YES_ERROR;
				GCC_WARN_UNDECLARED_SELECTOR = YES;
				GCC_WARN_UNINITIALIZED_AUTOS = YES_AGGRESSIVE;
				GCC_WARN_UNUSED_FUNCTION = YES;
				GCC_WARN_UNUSED_VARIABLE = YES;
				IPHONEOS_DEPLOYMENT_TARGET = 13.2;
				MTL_ENABLE_DEBUG_INFO = NO;
				MTL_FAST_MATH = YES;
				SDKROOT = iphoneos;
				SWIFT_COMPILATION_MODE = wholemodule;
				SWIFT_OPTIMIZATION_LEVEL = "-O";
				VALIDATE_PRODUCT = YES;
			};
			name = Release;
		};
		3058C9AA2433A85200D34A28 /* Debug */ = {
			isa = XCBuildConfiguration;
			buildSettings = {
				ASSETCATALOG_COMPILER_APPICON_NAME = AppIcon;
				CODE_SIGN_STYLE = Automatic;
				DEVELOPMENT_TEAM = 5828EJ5HNE;
				INFOPLIST_FILE = TripManager/Info.plist;
				LD_RUNPATH_SEARCH_PATHS = (
					"$(inherited)",
					"@executable_path/Frameworks",
				);
				PRODUCT_BUNDLE_IDENTIFIER = Abhishek.com.TripManager;
				PRODUCT_NAME = "$(TARGET_NAME)";
				SWIFT_VERSION = 5.0;
				TARGETED_DEVICE_FAMILY = "1,2";
			};
			name = Debug;
		};
		3058C9AB2433A85200D34A28 /* Release */ = {
			isa = XCBuildConfiguration;
			buildSettings = {
				ASSETCATALOG_COMPILER_APPICON_NAME = AppIcon;
				CODE_SIGN_STYLE = Automatic;
				DEVELOPMENT_TEAM = 5828EJ5HNE;
				INFOPLIST_FILE = TripManager/Info.plist;
				LD_RUNPATH_SEARCH_PATHS = (
					"$(inherited)",
					"@executable_path/Frameworks",
				);
				PRODUCT_BUNDLE_IDENTIFIER = Abhishek.com.TripManager;
				PRODUCT_NAME = "$(TARGET_NAME)";
				SWIFT_VERSION = 5.0;
				TARGETED_DEVICE_FAMILY = "1,2";
			};
			name = Release;
		};
/* End XCBuildConfiguration section */

/* Begin XCConfigurationList section */
		3058C98D2433A85000D34A28 /* Build configuration list for PBXProject "TripManager" */ = {
			isa = XCConfigurationList;
			buildConfigurations = (
				3058C9A72433A85200D34A28 /* Debug */,
				3058C9A82433A85200D34A28 /* Release */,
			);
			defaultConfigurationIsVisible = 0;
			defaultConfigurationName = Release;
		};
		3058C9A92433A85200D34A28 /* Build configuration list for PBXNativeTarget "TripManager" */ = {
			isa = XCConfigurationList;
			buildConfigurations = (
				3058C9AA2433A85200D34A28 /* Debug */,
				3058C9AB2433A85200D34A28 /* Release */,
			);
			defaultConfigurationIsVisible = 0;
			defaultConfigurationName = Release;
		};
/* End XCConfigurationList section */

/* Begin XCVersionGroup section */
		3058C99E2433A85000D34A28 /* TripManager.xcdatamodeld */ = {
			isa = XCVersionGroup;
			children = (
				3058C99F2433A85000D34A28 /* TripManager.xcdatamodel */,
			);
			currentVersion = 3058C99F2433A85000D34A28 /* TripManager.xcdatamodel */;
			path = TripManager.xcdatamodeld;
			sourceTree = "<group>";
			versionGroupType = wrapper.xcdatamodel;
		};
/* End XCVersionGroup section */
	};
	rootObject = 3058C98A2433A85000D34A28 /* Project object */;
}
